
Microsoft Visual Studio Solution File, Format Version 12.00
# Visual Studio Version 17
VisualStudioVersion = 17.0.32112.339
MinimumVisualStudioVersion = 10.0.40219.1
Project("{FAE04EC0-301F-11D3-BF4B-00C04F79EFBC}") = "ProiectDAW", "ProiectDAW\ProiectDAW.csproj", "{C68D1C37-A882-455D-9A99-1772FAA9B1E3}"
EndProject
Global
	GlobalSection(SolutionConfigurationPlatforms) = preSolution
		Debug|Any CPU = Debug|Any CPU
		Release|Any CPU = Release|Any CPU
	EndGlobalSection
	GlobalSection(ProjectConfigurationPlatforms) = postSolution
		{C68D1C37-A882-455D-9A99-1772FAA9B1E3}.Debug|Any CPU.ActiveCfg = Debug|Any CPU
		{C68D1C37-A882-455D-9A99-1772FAA9B1E3}.Debug|Any CPU.Build.0 = Debug|Any CPU
		{C68D1C37-A882-455D-9A99-1772FAA9B1E3}.Release|Any CPU.ActiveCfg = Release|Any CPU
		{C68D1C37-A882-455D-9A99-1772FAA9B1E3}.Release|Any CPU.Build.0 = Release|Any CPU
	EndGlobalSection
	GlobalSection(SolutionProperties) = preSolution
		HideSolutionNode = FALSE
	EndGlobalSection
	GlobalSection(ExtensibilityGlobals) = postSolution
		SolutionGuid = {D9A231BA-9274-4E49-BD2F-675C88BCD323}
	EndGlobalSection
EndGlobal
